{
  "originHash" : "46d8c1aa151d21874fb7a406344213f43e50349a5d4ba74c743ecf9797766dca",
  "pins" : [
    {
      "identity" : "localizationextractor",
      "kind" : "remoteSourceControl",
      "location" : "https://github.com/swimoden/LocalizationExtractor",
      "state" : {
        "branch" : "main",
        "revision" : "06edc58bd3ecb3ef6dc7fef025401fb7426424d6"
      }
    }
  ],
  "version" : 3
}
