// !$*UTF8*$!
{
	archiveVersion = 1;
	classes = {
	};
	objectVersion = 77;
	objects = {

/* Begin PBXBuildFile section */
		1610CA552DBD451F0078FAA6 /* LocalizationExtractor in Frameworks */ = {isa = PBXBuildFile; productRef = 1610CA542DBD451F0078FAA6 /* LocalizationExtractor */; };
		164B29742DBD38F700A54500 /* LocalizationExtractor in Frameworks */ = {isa = PBXBuildFile; productRef = 164B29732DBD38F700A54500 /* LocalizationExtractor */; };
		164B299E2DBD3A9B00A54500 /* LocalizationExtractor in Frameworks */ = {isa = PBXBuildFile; productRef = 164B299D2DBD3A9B00A54500 /* LocalizationExtractor */; };
/* End PBXBuildFile section */

/* Begin PBXCopyFilesBuildPhase section */
		16C5B4FE2DBC11CC00D83B94 /* CopyFiles */ = {
			isa = PBXCopyFilesBuildPhase;
			buildActionMask = 2147483647;
			dstPath = /usr/share/man/man1/;
			dstSubfolderSpec = 0;
			files = (
			);
			runOnlyForDeploymentPostprocessing = 1;
		};
		16C5B54A2DBCDBA500D83B94 /* Embed Frameworks */ = {
			isa = PBXCopyFilesBuildPhase;
			buildActionMask = 2147483647;
			dstPath = "";
			dstSubfolderSpec = 10;
			files = (
			);
			name = "Embed Frameworks";
			runOnlyForDeploymentPostprocessing = 0;
		};
/* End PBXCopyFilesBuildPhase section */

/* Begin PBXFileReference section */
		16C5B5002DBC11CC00D83B94 /* LocalizationExtractor-CLI */ = {isa = PBXFileReference; explicitFileType = "compiled.mach-o.executable"; includeInIndex = 0; path = "LocalizationExtractor-CLI"; sourceTree = BUILT_PRODUCTS_DIR; };
		16C5B52D2DBCCF5C00D83B94 /* LocalizationExtractor-GUI.app */ = {isa = PBXFileReference; explicitFileType = wrapper.application; includeInIndex = 0; path = "LocalizationExtractor-GUI.app"; sourceTree = BUILT_PRODUCTS_DIR; };
/* End PBXFileReference section */

/* Begin PBXFileSystemSynchronizedRootGroup section */
		16C5B5022DBC11CC00D83B94 /* LocalizationExtractorCLI */ = {
			isa = PBXFileSystemSynchronizedRootGroup;
			path = LocalizationExtractorCLI;
			sourceTree = "<group>";
		};
		16C5B52E2DBCCF5C00D83B94 /* LocalizationExtractorGUI */ = {
			isa = PBXFileSystemSynchronizedRootGroup;
			path = LocalizationExtractorGUI;
			sourceTree = "<group>";
		};
/* End PBXFileSystemSynchronizedRootGroup section */

/* Begin PBXFrameworksBuildPhase section */
		16C5B4FD2DBC11CC00D83B94 /* Frameworks */ = {
			isa = PBXFrameworksBuildPhase;
			buildActionMask = 2147483647;
			files = (
				164B299E2DBD3A9B00A54500 /* LocalizationExtractor in Frameworks */,
			);
			runOnlyForDeploymentPostprocessing = 0;
		};
		16C5B52A2DBCCF5C00D83B94 /* Frameworks */ = {
			isa = PBXFrameworksBuildPhase;
			buildActionMask = 2147483647;
			files = (
				1610CA552DBD451F0078FAA6 /* LocalizationExtractor in Frameworks */,
				164B29742DBD38F700A54500 /* LocalizationExtractor in Frameworks */,
			);
			runOnlyForDeploymentPostprocessing = 0;
		};
/* End PBXFrameworksBuildPhase section */

/* Begin PBXGroup section */
		16C5B4F72DBC11CC00D83B94 = {
			isa = PBXGroup;
			children = (
				16C5B5022DBC11CC00D83B94 /* LocalizationExtractorCLI */,
				16C5B52E2DBCCF5C00D83B94 /* LocalizationExtractorGUI */,
				16C5B5452DBCDBA500D83B94 /* Frameworks */,
				16C5B5012DBC11CC00D83B94 /* Products */,
			);
			sourceTree = "<group>";
		};
		16C5B5012DBC11CC00D83B94 /* Products */ = {
			isa = PBXGroup;
			children = (
				16C5B5002DBC11CC00D83B94 /* LocalizationExtractor-CLI */,
				16C5B52D2DBCCF5C00D83B94 /* LocalizationExtractor-GUI.app */,
			);
			name = Products;
			sourceTree = "<group>";
		};
		16C5B5452DBCDBA500D83B94 /* Frameworks */ = {
			isa = PBXGroup;
			children = (
			);
			name = Frameworks;
			sourceTree = "<group>";
		};
/* End PBXGroup section */

/* Begin PBXNativeTarget section */
		16C5B4FF2DBC11CC00D83B94 /* LocalizationExtractor-CLI */ = {
			isa = PBXNativeTarget;
			buildConfigurationList = 16C5B5072DBC11CC00D83B94 /* Build configuration list for PBXNativeTarget "LocalizationExtractor-CLI" */;
			buildPhases = (
				16C5B4FC2DBC11CC00D83B94 /* Sources */,
				16C5B4FD2DBC11CC00D83B94 /* Frameworks */,
				16C5B4FE2DBC11CC00D83B94 /* CopyFiles */,
			);
			buildRules = (
			);
			dependencies = (
			);
			fileSystemSynchronizedGroups = (
				16C5B5022DBC11CC00D83B94 /* LocalizationExtractorCLI */,
			);
			name = "LocalizationExtractor-CLI";
			packageProductDependencies = (
				164B299D2DBD3A9B00A54500 /* LocalizationExtractor */,
			);
			productName = UpdateLocalizations;
			productReference = 16C5B5002DBC11CC00D83B94 /* LocalizationExtractor-CLI */;
			productType = "com.apple.product-type.tool";
		};
		16C5B52C2DBCCF5C00D83B94 /* LocalizationExtractor-GUI */ = {
			isa = PBXNativeTarget;
			buildConfigurationList = 16C5B5362DBCCF5E00D83B94 /* Build configuration list for PBXNativeTarget "LocalizationExtractor-GUI" */;
			buildPhases = (
				16C5B5292DBCCF5C00D83B94 /* Sources */,
				16C5B52A2DBCCF5C00D83B94 /* Frameworks */,
				16C5B52B2DBCCF5C00D83B94 /* Resources */,
				16C5B54A2DBCDBA500D83B94 /* Embed Frameworks */,
			);
			buildRules = (
			);
			dependencies = (
			);
			fileSystemSynchronizedGroups = (
				16C5B52E2DBCCF5C00D83B94 /* LocalizationExtractorGUI */,
			);
			name = "LocalizationExtractor-GUI";
			packageProductDependencies = (
				164B29732DBD38F700A54500 /* LocalizationExtractor */,
				1610CA542DBD451F0078FAA6 /* LocalizationExtractor */,
			);
			productName = Localization;
			productReference = 16C5B52D2DBCCF5C00D83B94 /* LocalizationExtractor-GUI.app */;
			productType = "com.apple.product-type.application";
		};
/* End PBXNativeTarget section */

/* Begin PBXProject section */
		16C5B4F82DBC11CC00D83B94 /* Project object */ = {
			isa = PBXProject;
			attributes = {
				BuildIndependentTargetsInParallel = 1;
				LastSwiftUpdateCheck = 1630;
				LastUpgradeCheck = 1630;
				TargetAttributes = {
					16C5B4FF2DBC11CC00D83B94 = {
						CreatedOnToolsVersion = 16.3;
					};
					16C5B52C2DBCCF5C00D83B94 = {
						CreatedOnToolsVersion = 16.3;
					};
				};
			};
			buildConfigurationList = 16C5B4FB2DBC11CC00D83B94 /* Build configuration list for PBXProject "LocalizationExtractor-Demo" */;
			developmentRegion = en;
			hasScannedForEncodings = 0;
			knownRegions = (
				en,
				Base,
			);
			mainGroup = 16C5B4F72DBC11CC00D83B94;
			minimizedProjectReferenceProxies = 1;
			packageReferences = (
				1610CA532DBD451F0078FAA6 /* XCRemoteSwiftPackageReference "LocalizationExtractor" */,
			);
			preferredProjectObjectVersion = 77;
			productRefGroup = 16C5B5012DBC11CC00D83B94 /* Products */;
			projectDirPath = "";
			projectRoot = "";
			targets = (
				16C5B4FF2DBC11CC00D83B94 /* LocalizationExtractor-CLI */,
				16C5B52C2DBCCF5C00D83B94 /* LocalizationExtractor-GUI */,
			);
		};
/* End PBXProject section */

/* Begin PBXResourcesBuildPhase section */
		16C5B52B2DBCCF5C00D83B94 /* Resources */ = {
			isa = PBXResourcesBuildPhase;
			buildActionMask = 2147483647;
			files = (
			);
			runOnlyForDeploymentPostprocessing = 0;
		};
/* End PBXResourcesBuildPhase section */

/* Begin PBXSourcesBuildPhase section */
		16C5B4FC2DBC11CC00D83B94 /* Sources */ = {
			isa = PBXSourcesBuildPhase;
			buildActionMask = 2147483647;
			files = (
			);
			runOnlyForDeploymentPostprocessing = 0;
		};
		16C5B5292DBCCF5C00D83B94 /* Sources */ = {
			isa = PBXSourcesBuildPhase;
			buildActionMask = 2147483647;
			files = (
			);
			runOnlyForDeploymentPostprocessing = 0;
		};
/* End PBXSourcesBuildPhase section */

/* Begin XCBuildConfiguration section */
		16C5B5052DBC11CC00D83B94 /* Debug */ = {
			isa = XCBuildConfiguration;
			buildSettings = {
				ALWAYS_SEARCH_USER_PATHS = NO;
				ASSETCATALOG_COMPILER_GENERATE_SWIFT_ASSET_SYMBOL_EXTENSIONS = YES;
				CLANG_ANALYZER_NONNULL = YES;
				CLANG_ANALYZER_NUMBER_OBJECT_CONVERSION = YES_AGGRESSIVE;
				CLANG_CXX_LANGUAGE_STANDARD = "gnu++20";
				CLANG_ENABLE_MODULES = YES;
				CLANG_ENABLE_OBJC_ARC = YES;
				CLANG_ENABLE_OBJC_WEAK = YES;
				CLANG_WARN_BLOCK_CAPTURE_AUTORELEASING = YES;
				CLANG_WARN_BOOL_CONVERSION = YES;
				CLANG_WARN_COMMA = YES;
				CLANG_WARN_CONSTANT_CONVERSION = YES;
				CLANG_WARN_DEPRECATED_OBJC_IMPLEMENTATIONS = YES;
				CLANG_WARN_DIRECT_OBJC_ISA_USAGE = YES_ERROR;
				CLANG_WARN_DOCUMENTATION_COMMENTS = YES;
				CLANG_WARN_EMPTY_BODY = YES;
				CLANG_WARN_ENUM_CONVERSION = YES;
				CLANG_WARN_INFINITE_RECURSION = YES;
				CLANG_WARN_INT_CONVERSION = YES;
				CLANG_WARN_NON_LITERAL_NULL_CONVERSION = YES;
				CLANG_WARN_OBJC_IMPLICIT_RETAIN_SELF = YES;
				CLANG_WARN_OBJC_LITERAL_CONVERSION = YES;
				CLANG_WARN_OBJC_ROOT_CLASS = YES_ERROR;
				CLANG_WARN_QUOTED_INCLUDE_IN_FRAMEWORK_HEADER = YES;
				CLANG_WARN_RANGE_LOOP_ANALYSIS = YES;
				CLANG_WARN_STRICT_PROTOTYPES = YES;
				CLANG_WARN_SUSPICIOUS_MOVE = YES;
				CLANG_WARN_UNGUARDED_AVAILABILITY = YES_AGGRESSIVE;
				CLANG_WARN_UNREACHABLE_CODE = YES;
				CLANG_WARN__DUPLICATE_METHOD_MATCH = YES;
				COPY_PHASE_STRIP = NO;
				DEBUG_INFORMATION_FORMAT = dwarf;
				ENABLE_STRICT_OBJC_MSGSEND = YES;
				ENABLE_TESTABILITY = YES;
				ENABLE_USER_SCRIPT_SANDBOXING = YES;
				GCC_C_LANGUAGE_STANDARD = gnu17;
				GCC_DYNAMIC_NO_PIC = NO;
				GCC_NO_COMMON_BLOCKS = YES;
				GCC_OPTIMIZATION_LEVEL = 0;
				GCC_PREPROCESSOR_DEFINITIONS = (
					"DEBUG=1",
					"$(inherited)",
				);
				GCC_WARN_64_TO_32_BIT_CONVERSION = YES;
				GCC_WARN_ABOUT_RETURN_TYPE = YES_ERROR;
				GCC_WARN_UNDECLARED_SELECTOR = YES;
				GCC_WARN_UNINITIALIZED_AUTOS = YES_AGGRESSIVE;
				GCC_WARN_UNUSED_FUNCTION = YES;
				GCC_WARN_UNUSED_VARIABLE = YES;
				LOCALIZATION_PREFERS_STRING_CATALOGS = YES;
				MACOSX_DEPLOYMENT_TARGET = 15.2;
				MTL_ENABLE_DEBUG_INFO = INCLUDE_SOURCE;
				MTL_FAST_MATH = YES;
				ONLY_ACTIVE_ARCH = YES;
				SDKROOT = macosx;
				SWIFT_ACTIVE_COMPILATION_CONDITIONS = "DEBUG $(inherited)";
				SWIFT_OPTIMIZATION_LEVEL = "-Onone";
			};
			name = Debug;
		};
		16C5B5062DBC11CC00D83B94 /* Release */ = {
			isa = XCBuildConfiguration;
			buildSettings = {
				ALWAYS_SEARCH_USER_PATHS = NO;
				ASSETCATALOG_COMPILER_GENERATE_SWIFT_ASSET_SYMBOL_EXTENSIONS = YES;
				CLANG_ANALYZER_NONNULL = YES;
				CLANG_ANALYZER_NUMBER_OBJECT_CONVERSION = YES_AGGRESSIVE;
				CLANG_CXX_LANGUAGE_STANDARD = "gnu++20";
				CLANG_ENABLE_MODULES = YES;
				CLANG_ENABLE_OBJC_ARC = YES;
				CLANG_ENABLE_OBJC_WEAK = YES;
				CLANG_WARN_BLOCK_CAPTURE_AUTORELEASING = YES;
				CLANG_WARN_BOOL_CONVERSION = YES;
				CLANG_WARN_COMMA = YES;
				CLANG_WARN_CONSTANT_CONVERSION = YES;
				CLANG_WARN_DEPRECATED_OBJC_IMPLEMENTATIONS = YES;
				CLANG_WARN_DIRECT_OBJC_ISA_USAGE = YES_ERROR;
				CLANG_WARN_DOCUMENTATION_COMMENTS = YES;
				CLANG_WARN_EMPTY_BODY = YES;
				CLANG_WARN_ENUM_CONVERSION = YES;
				CLANG_WARN_INFINITE_RECURSION = YES;
				CLANG_WARN_INT_CONVERSION = YES;
				CLANG_WARN_NON_LITERAL_NULL_CONVERSION = YES;
				CLANG_WARN_OBJC_IMPLICIT_RETAIN_SELF = YES;
				CLANG_WARN_OBJC_LITERAL_CONVERSION = YES;
				CLANG_WARN_OBJC_ROOT_CLASS = YES_ERROR;
				CLANG_WARN_QUOTED_INCLUDE_IN_FRAMEWORK_HEADER = YES;
				CLANG_WARN_RANGE_LOOP_ANALYSIS = YES;
				CLANG_WARN_STRICT_PROTOTYPES = YES;
				CLANG_WARN_SUSPICIOUS_MOVE = YES;
				CLANG_WARN_UNGUARDED_AVAILABILITY = YES_AGGRESSIVE;
				CLANG_WARN_UNREACHABLE_CODE = YES;
				CLANG_WARN__DUPLICATE_METHOD_MATCH = YES;
				COPY_PHASE_STRIP = NO;
				DEBUG_INFORMATION_FORMAT = "dwarf-with-dsym";
				ENABLE_NS_ASSERTIONS = NO;
				ENABLE_STRICT_OBJC_MSGSEND = YES;
				ENABLE_USER_SCRIPT_SANDBOXING = YES;
				GCC_C_LANGUAGE_STANDARD = gnu17;
				GCC_NO_COMMON_BLOCKS = YES;
				GCC_WARN_64_TO_32_BIT_CONVERSION = YES;
				GCC_WARN_ABOUT_RETURN_TYPE = YES_ERROR;
				GCC_WARN_UNDECLARED_SELECTOR = YES;
				GCC_WARN_UNINITIALIZED_AUTOS = YES_AGGRESSIVE;
				GCC_WARN_UNUSED_FUNCTION = YES;
				GCC_WARN_UNUSED_VARIABLE = YES;
				LOCALIZATION_PREFERS_STRING_CATALOGS = YES;
				MACOSX_DEPLOYMENT_TARGET = 15.2;
				MTL_ENABLE_DEBUG_INFO = NO;
				MTL_FAST_MATH = YES;
				SDKROOT = macosx;
				SWIFT_COMPILATION_MODE = wholemodule;
			};
			name = Release;
		};
		16C5B5082DBC11CC00D83B94 /* Debug */ = {
			isa = XCBuildConfiguration;
			buildSettings = {
				CODE_SIGN_STYLE = Automatic;
				PRODUCT_NAME = "$(TARGET_NAME)";
				SWIFT_VERSION = 5.0;
			};
			name = Debug;
		};
		16C5B5092DBC11CC00D83B94 /* Release */ = {
			isa = XCBuildConfiguration;
			buildSettings = {
				CODE_SIGN_STYLE = Automatic;
				PRODUCT_NAME = "$(TARGET_NAME)";
				SWIFT_VERSION = 5.0;
			};
			name = Release;
		};
		16C5B5372DBCCF5E00D83B94 /* Debug */ = {
			isa = XCBuildConfiguration;
			buildSettings = {
				ASSETCATALOG_COMPILER_APPICON_NAME = AppIcon;
				ASSETCATALOG_COMPILER_GLOBAL_ACCENT_COLOR_NAME = AccentColor;
				CODE_SIGN_ENTITLEMENTS = LocalizationExtractorGUI/Localization.entitlements;
				CODE_SIGN_STYLE = Automatic;
				COMBINE_HIDPI_IMAGES = YES;
				CURRENT_PROJECT_VERSION = 1;
				ENABLE_PREVIEWS = YES;
				GENERATE_INFOPLIST_FILE = YES;
				INFOPLIST_KEY_NSHumanReadableCopyright = "";
				LD_RUNPATH_SEARCH_PATHS = (
					"$(inherited)",
					"@executable_path/../Frameworks",
				);
				MARKETING_VERSION = 1.0;
				PRODUCT_BUNDLE_IDENTIFIER = com.svg.Localization;
				PRODUCT_NAME = "$(TARGET_NAME)";
				REGISTER_APP_GROUPS = YES;
				SWIFT_EMIT_LOC_STRINGS = YES;
				SWIFT_VERSION = 5.0;
			};
			name = Debug;
		};
		16C5B5382DBCCF5E00D83B94 /* Release */ = {
			isa = XCBuildConfiguration;
			buildSettings = {
				ASSETCATALOG_COMPILER_APPICON_NAME = AppIcon;
				ASSETCATALOG_COMPILER_GLOBAL_ACCENT_COLOR_NAME = AccentColor;
				CODE_SIGN_ENTITLEMENTS = LocalizationExtractorGUI/Localization.entitlements;
				CODE_SIGN_STYLE = Automatic;
				COMBINE_HIDPI_IMAGES = YES;
				CURRENT_PROJECT_VERSION = 1;
				ENABLE_PREVIEWS = YES;
				GENERATE_INFOPLIST_FILE = YES;
				INFOPLIST_KEY_NSHumanReadableCopyright = "";
				LD_RUNPATH_SEARCH_PATHS = (
					"$(inherited)",
					"@executable_path/../Frameworks",
				);
				MARKETING_VERSION = 1.0;
				PRODUCT_BUNDLE_IDENTIFIER = com.svg.Localization;
				PRODUCT_NAME = "$(TARGET_NAME)";
				REGISTER_APP_GROUPS = YES;
				SWIFT_EMIT_LOC_STRINGS = YES;
				SWIFT_VERSION = 5.0;
			};
			name = Release;
		};
/* End XCBuildConfiguration section */

/* Begin XCConfigurationList section */
		16C5B4FB2DBC11CC00D83B94 /* Build configuration list for PBXProject "LocalizationExtractor-Demo" */ = {
			isa = XCConfigurationList;
			buildConfigurations = (
				16C5B5052DBC11CC00D83B94 /* Debug */,
				16C5B5062DBC11CC00D83B94 /* Release */,
			);
			defaultConfigurationIsVisible = 0;
			defaultConfigurationName = Release;
		};
		16C5B5072DBC11CC00D83B94 /* Build configuration list for PBXNativeTarget "LocalizationExtractor-CLI" */ = {
			isa = XCConfigurationList;
			buildConfigurations = (
				16C5B5082DBC11CC00D83B94 /* Debug */,
				16C5B5092DBC11CC00D83B94 /* Release */,
			);
			defaultConfigurationIsVisible = 0;
			defaultConfigurationName = Release;
		};
		16C5B5362DBCCF5E00D83B94 /* Build configuration list for PBXNativeTarget "LocalizationExtractor-GUI" */ = {
			isa = XCConfigurationList;
			buildConfigurations = (
				16C5B5372DBCCF5E00D83B94 /* Debug */,
				16C5B5382DBCCF5E00D83B94 /* Release */,
			);
			defaultConfigurationIsVisible = 0;
			defaultConfigurationName = Release;
		};
/* End XCConfigurationList section */

/* Begin XCRemoteSwiftPackageReference section */
		1610CA532DBD451F0078FAA6 /* XCRemoteSwiftPackageReference "LocalizationExtractor" */ = {
			isa = XCRemoteSwiftPackageReference;
			repositoryURL = "https://github.com/swimoden/LocalizationExtractor";
			requirement = {
				branch = main;
				kind = branch;
			};
		};
/* End XCRemoteSwiftPackageReference section */

/* Begin XCSwiftPackageProductDependency section */
		1610CA542DBD451F0078FAA6 /* LocalizationExtractor */ = {
			isa = XCSwiftPackageProductDependency;
			package = 1610CA532DBD451F0078FAA6 /* XCRemoteSwiftPackageReference "LocalizationExtractor" */;
			productName = LocalizationExtractor;
		};
		164B29732DBD38F700A54500 /* LocalizationExtractor */ = {
			isa = XCSwiftPackageProductDependency;
			productName = LocalizationExtractor;
		};
		164B299D2DBD3A9B00A54500 /* LocalizationExtractor */ = {
			isa = XCSwiftPackageProductDependency;
			productName = LocalizationExtractor;
		};
/* End XCSwiftPackageProductDependency section */
	};
	rootObject = 16C5B4F82DBC11CC00D83B94 /* Project object */;
}
